
Microsoft Visual Studio Solution File, Format Version 12.00
Project("{2150E333-8FDC-42A3-9474-1A3956D46DE8}") = "Solution Items", "Solution Items", "{EEEEEEEE-EEEE-EEEE-EEEE-EEEEEEEEEEEE}"
	ProjectSection(SolutionItems) = preProject
		.gitignore = .gitignore
		CHANGELOG.md = CHANGELOG.md
		README.md = README.md
		build\appsettings.json = build\appsettings.json
	EndProjectSection
EndProject
Project("{2150E333-8FDC-42A3-9474-1A3956D46DE8}") = "Automation", "Automation", "{FFFFFFFF-FFFF-FFFF-FFFF-FFFFFFFFFFFF}"
EndProject
Project("{9A19103F-16F7-4668-BE54-9A1E7A4F7556}") = "Build", "build\Build.csproj", "{73007312-566F-42A5-B122-93C5B7A97A81}"
EndProject
Project("{9A19103F-16F7-4668-BE54-9A1E7A4F7556}") = "Installer", "install\Installer.csproj", "{69EC009B-6B57-4712-ABF6-D13D7DBB1555}"
EndProject
Project("{2150E333-8FDC-42A3-9474-1A3956D46DE8}") = "source", "source", "{B8EFCA5F-814F-285C-A8CB-F00F14650265}"
EndProject
Project("{FAE04EC0-301F-11D3-BF4B-00C04F79EFBC}") = "Ampere", "source\Ampere\Ampere.csproj", "{9FA53F3E-D6A6-4D74-8C50-CE441C8B8913}"
EndProject
Global
	GlobalSection(SolutionConfigurationPlatforms) = preSolution
		Debug.R23|Any CPU = Debug.R23|Any CPU
		Debug.R23|x64 = Debug.R23|x64
		Debug.R23|x86 = Debug.R23|x86
		Debug.R24|Any CPU = Debug.R24|Any CPU
		Debug.R24|x64 = Debug.R24|x64
		Debug.R24|x86 = Debug.R24|x86
		Debug.R25|Any CPU = Debug.R25|Any CPU
		Debug.R25|x64 = Debug.R25|x64
		Debug.R25|x86 = Debug.R25|x86
		Debug.R26|Any CPU = Debug.R26|Any CPU
		Debug.R26|x64 = Debug.R26|x64
		Debug.R26|x86 = Debug.R26|x86
		Debug.R27|Any CPU = Debug.R27|Any CPU
		Debug.R27|x64 = Debug.R27|x64
		Debug.R27|x86 = Debug.R27|x86
		Release.R23|Any CPU = Release.R23|Any CPU
		Release.R23|x64 = Release.R23|x64
		Release.R23|x86 = Release.R23|x86
		Release.R24|Any CPU = Release.R24|Any CPU
		Release.R24|x64 = Release.R24|x64
		Release.R24|x86 = Release.R24|x86
		Release.R25|Any CPU = Release.R25|Any CPU
		Release.R25|x64 = Release.R25|x64
		Release.R25|x86 = Release.R25|x86
		Release.R26|Any CPU = Release.R26|Any CPU
		Release.R26|x64 = Release.R26|x64
		Release.R26|x86 = Release.R26|x86
		Release.R27|Any CPU = Release.R27|Any CPU
		Release.R27|x64 = Release.R27|x64
		Release.R27|x86 = Release.R27|x86
		Debug|Any CPU = Debug|Any CPU
		Debug|x64 = Debug|x64
		Debug|x86 = Debug|x86
		Release|Any CPU = Release|Any CPU
		Release|x64 = Release|x64
		Release|x86 = Release|x86
	EndGlobalSection
	GlobalSection(ProjectConfigurationPlatforms) = postSolution
		{73007312-566F-42A5-B122-93C5B7A97A81}.Debug.R23|Any CPU.ActiveCfg = Debug|Any CPU
		{73007312-566F-42A5-B122-93C5B7A97A81}.Debug.R23|x64.ActiveCfg = Debug.R23|Any CPU
		{73007312-566F-42A5-B122-93C5B7A97A81}.Debug.R23|x64.Build.0 = Debug.R23|Any CPU
		{73007312-566F-42A5-B122-93C5B7A97A81}.Debug.R23|x86.ActiveCfg = Debug.R23|Any CPU
		{73007312-566F-42A5-B122-93C5B7A97A81}.Debug.R23|x86.Build.0 = Debug.R23|Any CPU
		{73007312-566F-42A5-B122-93C5B7A97A81}.Debug.R24|Any CPU.ActiveCfg = Debug|Any CPU
		{73007312-566F-42A5-B122-93C5B7A97A81}.Debug.R24|x64.ActiveCfg = Debug.R24|Any CPU
		{73007312-566F-42A5-B122-93C5B7A97A81}.Debug.R24|x64.Build.0 = Debug.R24|Any CPU
		{73007312-566F-42A5-B122-93C5B7A97A81}.Debug.R24|x86.ActiveCfg = Debug.R24|Any CPU
		{73007312-566F-42A5-B122-93C5B7A97A81}.Debug.R24|x86.Build.0 = Debug.R24|Any CPU
		{73007312-566F-42A5-B122-93C5B7A97A81}.Debug.R25|Any CPU.ActiveCfg = Debug|Any CPU
		{73007312-566F-42A5-B122-93C5B7A97A81}.Debug.R25|x64.ActiveCfg = Debug.R25|Any CPU
		{73007312-566F-42A5-B122-93C5B7A97A81}.Debug.R25|x64.Build.0 = Debug.R25|Any CPU
		{73007312-566F-42A5-B122-93C5B7A97A81}.Debug.R25|x86.ActiveCfg = Debug.R25|Any CPU
		{73007312-566F-42A5-B122-93C5B7A97A81}.Debug.R25|x86.Build.0 = Debug.R25|Any CPU
		{73007312-566F-42A5-B122-93C5B7A97A81}.Debug.R26|Any CPU.ActiveCfg = Debug|Any CPU
		{73007312-566F-42A5-B122-93C5B7A97A81}.Debug.R26|x64.ActiveCfg = Debug.R26|Any CPU
		{73007312-566F-42A5-B122-93C5B7A97A81}.Debug.R26|x64.Build.0 = Debug.R26|Any CPU
		{73007312-566F-42A5-B122-93C5B7A97A81}.Debug.R26|x86.ActiveCfg = Debug.R26|Any CPU
		{73007312-566F-42A5-B122-93C5B7A97A81}.Debug.R26|x86.Build.0 = Debug.R26|Any CPU
		{73007312-566F-42A5-B122-93C5B7A97A81}.Debug.R27|Any CPU.ActiveCfg = Debug|Any CPU
		{73007312-566F-42A5-B122-93C5B7A97A81}.Debug.R27|x64.ActiveCfg = Debug.R27|Any CPU
		{73007312-566F-42A5-B122-93C5B7A97A81}.Debug.R27|x64.Build.0 = Debug.R27|Any CPU
		{73007312-566F-42A5-B122-93C5B7A97A81}.Debug.R27|x86.ActiveCfg = Debug.R27|Any CPU
		{73007312-566F-42A5-B122-93C5B7A97A81}.Debug.R27|x86.Build.0 = Debug.R27|Any CPU
		{73007312-566F-42A5-B122-93C5B7A97A81}.Release.R23|Any CPU.ActiveCfg = Release|Any CPU
		{73007312-566F-42A5-B122-93C5B7A97A81}.Release.R23|x64.ActiveCfg = Release.R23|Any CPU
		{73007312-566F-42A5-B122-93C5B7A97A81}.Release.R23|x64.Build.0 = Release.R23|Any CPU
		{73007312-566F-42A5-B122-93C5B7A97A81}.Release.R23|x86.ActiveCfg = Release.R23|Any CPU
		{73007312-566F-42A5-B122-93C5B7A97A81}.Release.R23|x86.Build.0 = Release.R23|Any CPU
		{73007312-566F-42A5-B122-93C5B7A97A81}.Release.R24|Any CPU.ActiveCfg = Release|Any CPU
		{73007312-566F-42A5-B122-93C5B7A97A81}.Release.R24|x64.ActiveCfg = Release.R24|Any CPU
		{73007312-566F-42A5-B122-93C5B7A97A81}.Release.R24|x64.Build.0 = Release.R24|Any CPU
		{73007312-566F-42A5-B122-93C5B7A97A81}.Release.R24|x86.ActiveCfg = Release.R24|Any CPU
		{73007312-566F-42A5-B122-93C5B7A97A81}.Release.R24|x86.Build.0 = Release.R24|Any CPU
		{73007312-566F-42A5-B122-93C5B7A97A81}.Release.R25|Any CPU.ActiveCfg = Release|Any CPU
		{73007312-566F-42A5-B122-93C5B7A97A81}.Release.R25|x64.ActiveCfg = Release.R25|Any CPU
		{73007312-566F-42A5-B122-93C5B7A97A81}.Release.R25|x64.Build.0 = Release.R25|Any CPU
		{73007312-566F-42A5-B122-93C5B7A97A81}.Release.R25|x86.ActiveCfg = Release.R25|Any CPU
		{73007312-566F-42A5-B122-93C5B7A97A81}.Release.R25|x86.Build.0 = Release.R25|Any CPU
		{73007312-566F-42A5-B122-93C5B7A97A81}.Release.R26|Any CPU.ActiveCfg = Release|Any CPU
		{73007312-566F-42A5-B122-93C5B7A97A81}.Release.R26|x64.ActiveCfg = Release.R26|Any CPU
		{73007312-566F-42A5-B122-93C5B7A97A81}.Release.R26|x64.Build.0 = Release.R26|Any CPU
		{73007312-566F-42A5-B122-93C5B7A97A81}.Release.R26|x86.ActiveCfg = Release.R26|Any CPU
		{73007312-566F-42A5-B122-93C5B7A97A81}.Release.R26|x86.Build.0 = Release.R26|Any CPU
		{73007312-566F-42A5-B122-93C5B7A97A81}.Release.R27|Any CPU.ActiveCfg = Release|Any CPU
		{73007312-566F-42A5-B122-93C5B7A97A81}.Release.R27|x64.ActiveCfg = Release.R27|Any CPU
		{73007312-566F-42A5-B122-93C5B7A97A81}.Release.R27|x64.Build.0 = Release.R27|Any CPU
		{73007312-566F-42A5-B122-93C5B7A97A81}.Release.R27|x86.ActiveCfg = Release.R27|Any CPU
		{73007312-566F-42A5-B122-93C5B7A97A81}.Release.R27|x86.Build.0 = Release.R27|Any CPU
		{73007312-566F-42A5-B122-93C5B7A97A81}.Debug|Any CPU.ActiveCfg = Debug|Any CPU
		{73007312-566F-42A5-B122-93C5B7A97A81}.Debug|Any CPU.Build.0 = Debug|Any CPU
		{73007312-566F-42A5-B122-93C5B7A97A81}.Debug|x64.ActiveCfg = Debug|Any CPU
		{73007312-566F-42A5-B122-93C5B7A97A81}.Debug|x64.Build.0 = Debug|Any CPU
		{73007312-566F-42A5-B122-93C5B7A97A81}.Debug|x86.ActiveCfg = Debug|Any CPU
		{73007312-566F-42A5-B122-93C5B7A97A81}.Debug|x86.Build.0 = Debug|Any CPU
		{73007312-566F-42A5-B122-93C5B7A97A81}.Release|Any CPU.ActiveCfg = Release|Any CPU
		{73007312-566F-42A5-B122-93C5B7A97A81}.Release|Any CPU.Build.0 = Release|Any CPU
		{73007312-566F-42A5-B122-93C5B7A97A81}.Release|x64.ActiveCfg = Release|Any CPU
		{73007312-566F-42A5-B122-93C5B7A97A81}.Release|x64.Build.0 = Release|Any CPU
		{73007312-566F-42A5-B122-93C5B7A97A81}.Release|x86.ActiveCfg = Release|Any CPU
		{73007312-566F-42A5-B122-93C5B7A97A81}.Release|x86.Build.0 = Release|Any CPU
		{69EC009B-6B57-4712-ABF6-D13D7DBB1555}.Debug.R23|Any CPU.ActiveCfg = Debug|Any CPU
		{69EC009B-6B57-4712-ABF6-D13D7DBB1555}.Debug.R23|x64.ActiveCfg = Debug.R23|Any CPU
		{69EC009B-6B57-4712-ABF6-D13D7DBB1555}.Debug.R23|x64.Build.0 = Debug.R23|Any CPU
		{69EC009B-6B57-4712-ABF6-D13D7DBB1555}.Debug.R23|x86.ActiveCfg = Debug.R23|Any CPU
		{69EC009B-6B57-4712-ABF6-D13D7DBB1555}.Debug.R23|x86.Build.0 = Debug.R23|Any CPU
		{69EC009B-6B57-4712-ABF6-D13D7DBB1555}.Debug.R24|Any CPU.ActiveCfg = Debug|Any CPU
		{69EC009B-6B57-4712-ABF6-D13D7DBB1555}.Debug.R24|x64.ActiveCfg = Debug.R24|Any CPU
		{69EC009B-6B57-4712-ABF6-D13D7DBB1555}.Debug.R24|x64.Build.0 = Debug.R24|Any CPU
		{69EC009B-6B57-4712-ABF6-D13D7DBB1555}.Debug.R24|x86.ActiveCfg = Debug.R24|Any CPU
		{69EC009B-6B57-4712-ABF6-D13D7DBB1555}.Debug.R24|x86.Build.0 = Debug.R24|Any CPU
		{69EC009B-6B57-4712-ABF6-D13D7DBB1555}.Debug.R25|Any CPU.ActiveCfg = Debug|Any CPU
		{69EC009B-6B57-4712-ABF6-D13D7DBB1555}.Debug.R25|x64.ActiveCfg = Debug.R25|Any CPU
		{69EC009B-6B57-4712-ABF6-D13D7DBB1555}.Debug.R25|x64.Build.0 = Debug.R25|Any CPU
		{69EC009B-6B57-4712-ABF6-D13D7DBB1555}.Debug.R25|x86.ActiveCfg = Debug.R25|Any CPU
		{69EC009B-6B57-4712-ABF6-D13D7DBB1555}.Debug.R25|x86.Build.0 = Debug.R25|Any CPU
		{69EC009B-6B57-4712-ABF6-D13D7DBB1555}.Debug.R26|Any CPU.ActiveCfg = Debug|Any CPU
		{69EC009B-6B57-4712-ABF6-D13D7DBB1555}.Debug.R26|x64.ActiveCfg = Debug.R26|Any CPU
		{69EC009B-6B57-4712-ABF6-D13D7DBB1555}.Debug.R26|x64.Build.0 = Debug.R26|Any CPU
		{69EC009B-6B57-4712-ABF6-D13D7DBB1555}.Debug.R26|x86.ActiveCfg = Debug.R26|Any CPU
		{69EC009B-6B57-4712-ABF6-D13D7DBB1555}.Debug.R26|x86.Build.0 = Debug.R26|Any CPU
		{69EC009B-6B57-4712-ABF6-D13D7DBB1555}.Debug.R27|Any CPU.ActiveCfg = Debug|Any CPU
		{69EC009B-6B57-4712-ABF6-D13D7DBB1555}.Debug.R27|x64.ActiveCfg = Debug.R27|Any CPU
		{69EC009B-6B57-4712-ABF6-D13D7DBB1555}.Debug.R27|x64.Build.0 = Debug.R27|Any CPU
		{69EC009B-6B57-4712-ABF6-D13D7DBB1555}.Debug.R27|x86.ActiveCfg = Debug.R27|Any CPU
		{69EC009B-6B57-4712-ABF6-D13D7DBB1555}.Debug.R27|x86.Build.0 = Debug.R27|Any CPU
		{69EC009B-6B57-4712-ABF6-D13D7DBB1555}.Release.R23|Any CPU.ActiveCfg = Release|Any CPU
		{69EC009B-6B57-4712-ABF6-D13D7DBB1555}.Release.R23|x64.ActiveCfg = Release.R23|Any CPU
		{69EC009B-6B57-4712-ABF6-D13D7DBB1555}.Release.R23|x64.Build.0 = Release.R23|Any CPU
		{69EC009B-6B57-4712-ABF6-D13D7DBB1555}.Release.R23|x86.ActiveCfg = Release.R23|Any CPU
		{69EC009B-6B57-4712-ABF6-D13D7DBB1555}.Release.R23|x86.Build.0 = Release.R23|Any CPU
		{69EC009B-6B57-4712-ABF6-D13D7DBB1555}.Release.R24|Any CPU.ActiveCfg = Release|Any CPU
		{69EC009B-6B57-4712-ABF6-D13D7DBB1555}.Release.R24|x64.ActiveCfg = Release.R24|Any CPU
		{69EC009B-6B57-4712-ABF6-D13D7DBB1555}.Release.R24|x64.Build.0 = Release.R24|Any CPU
		{69EC009B-6B57-4712-ABF6-D13D7DBB1555}.Release.R24|x86.ActiveCfg = Release.R24|Any CPU
		{69EC009B-6B57-4712-ABF6-D13D7DBB1555}.Release.R24|x86.Build.0 = Release.R24|Any CPU
		{69EC009B-6B57-4712-ABF6-D13D7DBB1555}.Release.R25|Any CPU.ActiveCfg = Release|Any CPU
		{69EC009B-6B57-4712-ABF6-D13D7DBB1555}.Release.R25|x64.ActiveCfg = Release.R25|Any CPU
		{69EC009B-6B57-4712-ABF6-D13D7DBB1555}.Release.R25|x64.Build.0 = Release.R25|Any CPU
		{69EC009B-6B57-4712-ABF6-D13D7DBB1555}.Release.R25|x86.ActiveCfg = Release.R25|Any CPU
		{69EC009B-6B57-4712-ABF6-D13D7DBB1555}.Release.R25|x86.Build.0 = Release.R25|Any CPU
		{69EC009B-6B57-4712-ABF6-D13D7DBB1555}.Release.R26|Any CPU.ActiveCfg = Release|Any CPU
		{69EC009B-6B57-4712-ABF6-D13D7DBB1555}.Release.R26|x64.ActiveCfg = Release.R26|Any CPU
		{69EC009B-6B57-4712-ABF6-D13D7DBB1555}.Release.R26|x64.Build.0 = Release.R26|Any CPU
		{69EC009B-6B57-4712-ABF6-D13D7DBB1555}.Release.R26|x86.ActiveCfg = Release.R26|Any CPU
		{69EC009B-6B57-4712-ABF6-D13D7DBB1555}.Release.R26|x86.Build.0 = Release.R26|Any CPU
		{69EC009B-6B57-4712-ABF6-D13D7DBB1555}.Release.R27|Any CPU.ActiveCfg = Release|Any CPU
		{69EC009B-6B57-4712-ABF6-D13D7DBB1555}.Release.R27|x64.ActiveCfg = Release.R27|Any CPU
		{69EC009B-6B57-4712-ABF6-D13D7DBB1555}.Release.R27|x64.Build.0 = Release.R27|Any CPU
		{69EC009B-6B57-4712-ABF6-D13D7DBB1555}.Release.R27|x86.ActiveCfg = Release.R27|Any CPU
		{69EC009B-6B57-4712-ABF6-D13D7DBB1555}.Release.R27|x86.Build.0 = Release.R27|Any CPU
		{69EC009B-6B57-4712-ABF6-D13D7DBB1555}.Debug|Any CPU.ActiveCfg = Debug|Any CPU
		{69EC009B-6B57-4712-ABF6-D13D7DBB1555}.Debug|Any CPU.Build.0 = Debug|Any CPU
		{69EC009B-6B57-4712-ABF6-D13D7DBB1555}.Debug|x64.ActiveCfg = Debug|Any CPU
		{69EC009B-6B57-4712-ABF6-D13D7DBB1555}.Debug|x64.Build.0 = Debug|Any CPU
		{69EC009B-6B57-4712-ABF6-D13D7DBB1555}.Debug|x86.ActiveCfg = Debug|Any CPU
		{69EC009B-6B57-4712-ABF6-D13D7DBB1555}.Debug|x86.Build.0 = Debug|Any CPU
		{69EC009B-6B57-4712-ABF6-D13D7DBB1555}.Release|Any CPU.ActiveCfg = Release|Any CPU
		{69EC009B-6B57-4712-ABF6-D13D7DBB1555}.Release|Any CPU.Build.0 = Release|Any CPU
		{69EC009B-6B57-4712-ABF6-D13D7DBB1555}.Release|x64.ActiveCfg = Release|Any CPU
		{69EC009B-6B57-4712-ABF6-D13D7DBB1555}.Release|x64.Build.0 = Release|Any CPU
		{69EC009B-6B57-4712-ABF6-D13D7DBB1555}.Release|x86.ActiveCfg = Release|Any CPU
		{69EC009B-6B57-4712-ABF6-D13D7DBB1555}.Release|x86.Build.0 = Release|Any CPU
		{9FA53F3E-D6A6-4D74-8C50-CE441C8B8913}.Debug.R23|Any CPU.ActiveCfg = Debug.R23|Any CPU
		{9FA53F3E-D6A6-4D74-8C50-CE441C8B8913}.Debug.R23|Any CPU.Build.0 = Debug.R23|Any CPU
		{9FA53F3E-D6A6-4D74-8C50-CE441C8B8913}.Debug.R23|x64.ActiveCfg = Debug.R23|Any CPU
		{9FA53F3E-D6A6-4D74-8C50-CE441C8B8913}.Debug.R23|x64.Build.0 = Debug.R23|Any CPU
		{9FA53F3E-D6A6-4D74-8C50-CE441C8B8913}.Debug.R23|x86.ActiveCfg = Debug.R23|Any CPU
		{9FA53F3E-D6A6-4D74-8C50-CE441C8B8913}.Debug.R23|x86.Build.0 = Debug.R23|Any CPU
		{9FA53F3E-D6A6-4D74-8C50-CE441C8B8913}.Debug.R24|Any CPU.ActiveCfg = Debug.R24|Any CPU
		{9FA53F3E-D6A6-4D74-8C50-CE441C8B8913}.Debug.R24|Any CPU.Build.0 = Debug.R24|Any CPU
		{9FA53F3E-D6A6-4D74-8C50-CE441C8B8913}.Debug.R24|x64.ActiveCfg = Debug.R24|Any CPU
		{9FA53F3E-D6A6-4D74-8C50-CE441C8B8913}.Debug.R24|x64.Build.0 = Debug.R24|Any CPU
		{9FA53F3E-D6A6-4D74-8C50-CE441C8B8913}.Debug.R24|x86.ActiveCfg = Debug.R24|Any CPU
		{9FA53F3E-D6A6-4D74-8C50-CE441C8B8913}.Debug.R24|x86.Build.0 = Debug.R24|Any CPU
		{9FA53F3E-D6A6-4D74-8C50-CE441C8B8913}.Debug.R25|Any CPU.ActiveCfg = Debug.R25|Any CPU
		{9FA53F3E-D6A6-4D74-8C50-CE441C8B8913}.Debug.R25|Any CPU.Build.0 = Debug.R25|Any CPU
		{9FA53F3E-D6A6-4D74-8C50-CE441C8B8913}.Debug.R25|x64.ActiveCfg = Debug.R25|Any CPU
		{9FA53F3E-D6A6-4D74-8C50-CE441C8B8913}.Debug.R25|x64.Build.0 = Debug.R25|Any CPU
		{9FA53F3E-D6A6-4D74-8C50-CE441C8B8913}.Debug.R25|x86.ActiveCfg = Debug.R25|Any CPU
		{9FA53F3E-D6A6-4D74-8C50-CE441C8B8913}.Debug.R25|x86.Build.0 = Debug.R25|Any CPU
		{9FA53F3E-D6A6-4D74-8C50-CE441C8B8913}.Debug.R26|Any CPU.ActiveCfg = Debug.R26|Any CPU
		{9FA53F3E-D6A6-4D74-8C50-CE441C8B8913}.Debug.R26|Any CPU.Build.0 = Debug.R26|Any CPU
		{9FA53F3E-D6A6-4D74-8C50-CE441C8B8913}.Debug.R26|x64.ActiveCfg = Debug.R26|Any CPU
		{9FA53F3E-D6A6-4D74-8C50-CE441C8B8913}.Debug.R26|x64.Build.0 = Debug.R26|Any CPU
		{9FA53F3E-D6A6-4D74-8C50-CE441C8B8913}.Debug.R26|x86.ActiveCfg = Debug.R26|Any CPU
		{9FA53F3E-D6A6-4D74-8C50-CE441C8B8913}.Debug.R26|x86.Build.0 = Debug.R26|Any CPU
		{9FA53F3E-D6A6-4D74-8C50-CE441C8B8913}.Debug.R27|Any CPU.ActiveCfg = Debug.R27|Any CPU
		{9FA53F3E-D6A6-4D74-8C50-CE441C8B8913}.Debug.R27|Any CPU.Build.0 = Debug.R27|Any CPU
		{9FA53F3E-D6A6-4D74-8C50-CE441C8B8913}.Debug.R27|x64.ActiveCfg = Debug.R27|Any CPU
		{9FA53F3E-D6A6-4D74-8C50-CE441C8B8913}.Debug.R27|x64.Build.0 = Debug.R27|Any CPU
		{9FA53F3E-D6A6-4D74-8C50-CE441C8B8913}.Debug.R27|x86.ActiveCfg = Debug.R27|Any CPU
		{9FA53F3E-D6A6-4D74-8C50-CE441C8B8913}.Debug.R27|x86.Build.0 = Debug.R27|Any CPU
		{9FA53F3E-D6A6-4D74-8C50-CE441C8B8913}.Release.R23|Any CPU.ActiveCfg = Release.R23|Any CPU
		{9FA53F3E-D6A6-4D74-8C50-CE441C8B8913}.Release.R23|Any CPU.Build.0 = Release.R23|Any CPU
		{9FA53F3E-D6A6-4D74-8C50-CE441C8B8913}.Release.R23|x64.ActiveCfg = Release.R23|Any CPU
		{9FA53F3E-D6A6-4D74-8C50-CE441C8B8913}.Release.R23|x64.Build.0 = Release.R23|Any CPU
		{9FA53F3E-D6A6-4D74-8C50-CE441C8B8913}.Release.R23|x86.ActiveCfg = Release.R23|Any CPU
		{9FA53F3E-D6A6-4D74-8C50-CE441C8B8913}.Release.R23|x86.Build.0 = Release.R23|Any CPU
		{9FA53F3E-D6A6-4D74-8C50-CE441C8B8913}.Release.R24|Any CPU.ActiveCfg = Release.R24|Any CPU
		{9FA53F3E-D6A6-4D74-8C50-CE441C8B8913}.Release.R24|Any CPU.Build.0 = Release.R24|Any CPU
		{9FA53F3E-D6A6-4D74-8C50-CE441C8B8913}.Release.R24|x64.ActiveCfg = Release.R24|Any CPU
		{9FA53F3E-D6A6-4D74-8C50-CE441C8B8913}.Release.R24|x64.Build.0 = Release.R24|Any CPU
		{9FA53F3E-D6A6-4D74-8C50-CE441C8B8913}.Release.R24|x86.ActiveCfg = Release.R24|Any CPU
		{9FA53F3E-D6A6-4D74-8C50-CE441C8B8913}.Release.R24|x86.Build.0 = Release.R24|Any CPU
		{9FA53F3E-D6A6-4D74-8C50-CE441C8B8913}.Release.R25|Any CPU.ActiveCfg = Release.R25|Any CPU
		{9FA53F3E-D6A6-4D74-8C50-CE441C8B8913}.Release.R25|Any CPU.Build.0 = Release.R25|Any CPU
		{9FA53F3E-D6A6-4D74-8C50-CE441C8B8913}.Release.R25|x64.ActiveCfg = Release.R25|Any CPU
		{9FA53F3E-D6A6-4D74-8C50-CE441C8B8913}.Release.R25|x64.Build.0 = Release.R25|Any CPU
		{9FA53F3E-D6A6-4D74-8C50-CE441C8B8913}.Release.R25|x86.ActiveCfg = Release.R25|Any CPU
		{9FA53F3E-D6A6-4D74-8C50-CE441C8B8913}.Release.R25|x86.Build.0 = Release.R25|Any CPU
		{9FA53F3E-D6A6-4D74-8C50-CE441C8B8913}.Release.R26|Any CPU.ActiveCfg = Release.R26|Any CPU
		{9FA53F3E-D6A6-4D74-8C50-CE441C8B8913}.Release.R26|Any CPU.Build.0 = Release.R26|Any CPU
		{9FA53F3E-D6A6-4D74-8C50-CE441C8B8913}.Release.R26|x64.ActiveCfg = Release.R26|Any CPU
		{9FA53F3E-D6A6-4D74-8C50-CE441C8B8913}.Release.R26|x64.Build.0 = Release.R26|Any CPU
		{9FA53F3E-D6A6-4D74-8C50-CE441C8B8913}.Release.R26|x86.ActiveCfg = Release.R26|Any CPU
		{9FA53F3E-D6A6-4D74-8C50-CE441C8B8913}.Release.R26|x86.Build.0 = Release.R26|Any CPU
		{9FA53F3E-D6A6-4D74-8C50-CE441C8B8913}.Release.R27|Any CPU.ActiveCfg = Release.R27|Any CPU
		{9FA53F3E-D6A6-4D74-8C50-CE441C8B8913}.Release.R27|Any CPU.Build.0 = Release.R27|Any CPU
		{9FA53F3E-D6A6-4D74-8C50-CE441C8B8913}.Release.R27|x64.ActiveCfg = Release.R27|Any CPU
		{9FA53F3E-D6A6-4D74-8C50-CE441C8B8913}.Release.R27|x64.Build.0 = Release.R27|Any CPU
		{9FA53F3E-D6A6-4D74-8C50-CE441C8B8913}.Release.R27|x86.ActiveCfg = Release.R27|Any CPU
		{9FA53F3E-D6A6-4D74-8C50-CE441C8B8913}.Release.R27|x86.Build.0 = Release.R27|Any CPU
		{9FA53F3E-D6A6-4D74-8C50-CE441C8B8913}.Debug|Any CPU.ActiveCfg = Debug.R23|Any CPU
		{9FA53F3E-D6A6-4D74-8C50-CE441C8B8913}.Debug|Any CPU.Build.0 = Debug.R23|Any CPU
		{9FA53F3E-D6A6-4D74-8C50-CE441C8B8913}.Debug|x64.ActiveCfg = Debug.R23|Any CPU
		{9FA53F3E-D6A6-4D74-8C50-CE441C8B8913}.Debug|x64.Build.0 = Debug.R23|Any CPU
		{9FA53F3E-D6A6-4D74-8C50-CE441C8B8913}.Debug|x86.ActiveCfg = Debug.R23|Any CPU
		{9FA53F3E-D6A6-4D74-8C50-CE441C8B8913}.Debug|x86.Build.0 = Debug.R23|Any CPU
		{9FA53F3E-D6A6-4D74-8C50-CE441C8B8913}.Release|Any CPU.ActiveCfg = Debug.R23|Any CPU
		{9FA53F3E-D6A6-4D74-8C50-CE441C8B8913}.Release|Any CPU.Build.0 = Debug.R23|Any CPU
		{9FA53F3E-D6A6-4D74-8C50-CE441C8B8913}.Release|x64.ActiveCfg = Debug.R23|Any CPU
		{9FA53F3E-D6A6-4D74-8C50-CE441C8B8913}.Release|x64.Build.0 = Debug.R23|Any CPU
		{9FA53F3E-D6A6-4D74-8C50-CE441C8B8913}.Release|x86.ActiveCfg = Debug.R23|Any CPU
		{9FA53F3E-D6A6-4D74-8C50-CE441C8B8913}.Release|x86.Build.0 = Debug.R23|Any CPU
	EndGlobalSection
	GlobalSection(SolutionProperties) = preSolution
		HideSolutionNode = FALSE
	EndGlobalSection
	GlobalSection(NestedProjects) = preSolution
		{73007312-566F-42A5-B122-93C5B7A97A81} = {FFFFFFFF-FFFF-FFFF-FFFF-FFFFFFFFFFFF}
		{69EC009B-6B57-4712-ABF6-D13D7DBB1555} = {FFFFFFFF-FFFF-FFFF-FFFF-FFFFFFFFFFFF}
		{9FA53F3E-D6A6-4D74-8C50-CE441C8B8913} = {B8EFCA5F-814F-285C-A8CB-F00F14650265}
	EndGlobalSection
EndGlobal
